
Microsoft Visual Studio Solution File, Format Version 12.00
# Visual Studio 15
VisualStudioVersion = 15.0.28010.2036
MinimumVisualStudioVersion = 10.0.40219.1
Project("{9A19103F-16F7-4668-BE54-9A1E7A4F7556}") = "ChatServer", "src\ChatServer\ChatServer.csproj", "{96F8B9BE-06A1-4C9D-AE5B-CCBA857AD872}"
EndProject
Project("{2150E333-8FDC-42A3-9474-1A3956D46DE8}") = "Solution Items", "Solution Items", "{28279952-7423-4199-A85D-C698D6230F02}"
	ProjectSection(SolutionItems) = preProject
		docker-compose-prod.yml = docker-compose-prod.yml
		docker-compose.yml = docker-compose.yml
		Dockerfile-dotnetdebugger = Dockerfile-dotnetdebugger
		README.md = README.md
	EndProjectSection
EndProject
Project("{9A19103F-16F7-4668-BE54-9A1E7A4F7556}") = "ChatServer.Test", "test\ChatServer.Test\ChatServer.Test.csproj", "{43950622-59F2-4989-83E4-C34EE2AC7F6F}"
EndProject
Project("{9A19103F-16F7-4668-BE54-9A1E7A4F7556}") = "ChatBroker", "src\ChatBroker\ChatBroker.csproj", "{9D68BD30-3E59-460A-8FCD-7008DD72BADC}"
EndProject
Global
	GlobalSection(SolutionConfigurationPlatforms) = preSolution
		Debug|Any CPU = Debug|Any CPU
		Release|Any CPU = Release|Any CPU
	EndGlobalSection
	GlobalSection(ProjectConfigurationPlatforms) = postSolution
		{96F8B9BE-06A1-4C9D-AE5B-CCBA857AD872}.Debug|Any CPU.ActiveCfg = Debug|Any CPU
		{96F8B9BE-06A1-4C9D-AE5B-CCBA857AD872}.Debug|Any CPU.Build.0 = Debug|Any CPU
		{96F8B9BE-06A1-4C9D-AE5B-CCBA857AD872}.Release|Any CPU.ActiveCfg = Release|Any CPU
		{96F8B9BE-06A1-4C9D-AE5B-CCBA857AD872}.Release|Any CPU.Build.0 = Release|Any CPU
		{43950622-59F2-4989-83E4-C34EE2AC7F6F}.Debug|Any CPU.ActiveCfg = Debug|Any CPU
		{43950622-59F2-4989-83E4-C34EE2AC7F6F}.Debug|Any CPU.Build.0 = Debug|Any CPU
		{43950622-59F2-4989-83E4-C34EE2AC7F6F}.Release|Any CPU.ActiveCfg = Release|Any CPU
		{43950622-59F2-4989-83E4-C34EE2AC7F6F}.Release|Any CPU.Build.0 = Release|Any CPU
		{9D68BD30-3E59-460A-8FCD-7008DD72BADC}.Debug|Any CPU.ActiveCfg = Debug|Any CPU
		{9D68BD30-3E59-460A-8FCD-7008DD72BADC}.Debug|Any CPU.Build.0 = Debug|Any CPU
		{9D68BD30-3E59-460A-8FCD-7008DD72BADC}.Release|Any CPU.ActiveCfg = Release|Any CPU
		{9D68BD30-3E59-460A-8FCD-7008DD72BADC}.Release|Any CPU.Build.0 = Release|Any CPU
	EndGlobalSection
	GlobalSection(SolutionProperties) = preSolution
		HideSolutionNode = FALSE
	EndGlobalSection
	GlobalSection(ExtensibilityGlobals) = postSolution
		SolutionGuid = {697B083A-299E-424D-9492-70FD3EFFDF96}
	EndGlobalSection
EndGlobal
